{
  "lockfileVersion": 1,
  "configVersion": 1,
  "workspaces": {
    "": {
      "name": "quake-anything",
      "devDependencies": {
        "@girs/gjs": "^4.1.0",
        "@girs/gnome-shell": "^50.0.4",
        "@types/bun": "latest",
      },
      "peerDependencies": {
        "typescript": "^5",
      },
    },
  },
  "packages": {
    "@girs/accountsservice-1.0": ["@girs/accountsservice-1.0@4.1.0", "", { "dependencies": { "@girs/gio-2.0": "^4.1.0", "@girs/gjs": "^4.1.0", "@girs/glib-2.0": "^4.1.0", "@girs/gmodule-2.0": "^4.1.0", "@girs/gobject-2.0": "^4.1.0" } }, "sha512-Kp8TXbun34nQJ6h0EOqmAJ8P8sd3huzJMPtdw2FOpTPzViFcUPC95fICi231Ur0FhfhH62lXZnHthifUKb01HQ=="],

    "@girs/adw-1": ["@girs/adw-1@4.1.0", "", { "dependencies": { "@girs/cairo-1.0": "^4.1.0", "@girs/freetype2-2.0": "^4.1.0", "@girs/gdk-4.0": "^4.1.0", "@girs/gdkpixbuf-2.0": "^4.1.0", "@girs/gio-2.0": "^4.1.0", "@girs/gjs": "^4.1.0", "@girs/glib-2.0": "^4.1.0", "@girs/gmodule-2.0": "^4.1.0", "@girs/gobject-2.0": "^4.1.0", "@girs/graphene-1.0": "^4.1.0", "@girs/gsk-4.0": "^4.1.0", "@girs/gtk-4.0": "^4.1.0", "@girs/harfbuzz-0.0": "^4.1.0", "@girs/pango-1.0": "^4.1.0", "@girs/pangocairo-1.0": "^4.1.0" } }, "sha512-Xv4doRXq7o9K+plUlrjl7e6ba04jtc7JS6U8JEMGZuNOL0BXsZa2lNbnLKKjUQnwzbh80EDECgyhiBkbhq7Heg=="],

    "@girs/atk-1.0": ["@girs/atk-1.0@4.1.0", "", { "dependencies": { "@girs/gjs": "^4.1.0", "@girs/glib-2.0": "^4.1.0", "@girs/gobject-2.0": "^4.1.0" } }, "sha512-GBf3Ehc56boCbDx9lOt4hMWaETgxsUZ33Bfk022BVHhvWwXd5iWFt9wQHTiFkgJcAJjmPavhkouniAbuuBwH4Q=="],

    "@girs/cairo-1.0": ["@girs/cairo-1.0@4.1.0", "", { "dependencies": { "@girs/gjs": "^4.1.0", "@girs/glib-2.0": "^4.1.0", "@girs/gobject-2.0": "^4.1.0" } }, "sha512-iCdRmpCPpQn+skaJfLsDUvSSidKgQLAsFeah5Ac5I5dRmpdwCvDTsox6wreZssfhERWcUAldtWj7wXmSzPBLKg=="],

    "@girs/clutter-18": ["@girs/clutter-18@4.1.0", "", { "dependencies": { "@girs/atk-1.0": "^4.1.0", "@girs/cairo-1.0": "^4.1.0", "@girs/cogl-18": "^4.1.0", "@girs/freetype2-2.0": "^4.1.0", "@girs/gio-2.0": "^4.1.0", "@girs/gjs": "^4.1.0", "@girs/gl-1.0": "^4.1.0", "@girs/glib-2.0": "^4.1.0", "@girs/gmodule-2.0": "^4.1.0", "@girs/gobject-2.0": "^4.1.0", "@girs/graphene-1.0": "^4.1.0", "@girs/harfbuzz-0.0": "^4.1.0", "@girs/mtk-18": "^4.1.0", "@girs/pango-1.0": "^4.1.0" } }, "sha512-1peMQVW/Uu22YoEG8Msx8lRQgOXy1Efuw2al03v6Lc0yWdAXdL8aWZ4d8p6YKAH6WTBmiMthWG60+bZqKur0Cw=="],

    "@girs/cogl-18": ["@girs/cogl-18@4.1.0", "", { "dependencies": { "@girs/gjs": "^4.1.0", "@girs/gl-1.0": "^4.1.0", "@girs/glib-2.0": "^4.1.0", "@girs/gobject-2.0": "^4.1.0", "@girs/graphene-1.0": "^4.1.0", "@girs/mtk-18": "^4.1.0" } }, "sha512-eykux7piDFKlAoNpuEdzi7FjrD3TbSNlGCUHgKkkV8NEgU0WQr+SH15yCVMJDlqR4cxH8byESOaiXginEBIgEg=="],

    "@girs/freetype2-2.0": ["@girs/freetype2-2.0@4.1.0", "", { "dependencies": { "@girs/gjs": "^4.1.0", "@girs/gobject-2.0": "^4.1.0" } }, "sha512-/+fMzCY84TrKi5wcT/EVQulM9xPhCAA5cTaZclzufA01MvasA8vrPu5zEF8qhfYbm77ro94A8P6kWpcOf1LxEQ=="],

    "@girs/gck-2": ["@girs/gck-2@4.1.0", "", { "dependencies": { "@girs/gio-2.0": "^4.1.0", "@girs/gjs": "^4.1.0", "@girs/glib-2.0": "^4.1.0", "@girs/gmodule-2.0": "^4.1.0", "@girs/gobject-2.0": "^4.1.0" } }, "sha512-jrFH1iWhkGxFG2jCS+NYzWBM6jcaNYNysA3r9AT+EWmY7kVkMeGi9ec+LSqIqjC0qU/MaHaLIZ6HU6o34zZU3Q=="],

    "@girs/gcr-4": ["@girs/gcr-4@4.1.0", "", { "dependencies": { "@girs/gck-2": "^4.1.0", "@girs/gio-2.0": "^4.1.0", "@girs/gjs": "^4.1.0", "@girs/glib-2.0": "^4.1.0", "@girs/gmodule-2.0": "^4.1.0", "@girs/gobject-2.0": "^4.1.0" } }, "sha512-gpwN7hDZDg7ZFvVKhQcRIm5BhmcprFigtn6NR5Kohsquc6YGiq70v9Xo19gmWRQMFMo3nB+mZAAjzvTbpXhCww=="],

    "@girs/gdesktopenums-3.0": ["@girs/gdesktopenums-3.0@4.1.0", "", { "dependencies": { "@girs/gjs": "^4.1.0", "@girs/gobject-2.0": "^4.1.0" } }, "sha512-itkzeTHIezAVpuQgqDPKPPt00KOUZRPPdQBU4Ac/4/nKZTcmKwPFfLgQjgkcX1V4UQYknvGFoEY2E8X2tJagiQ=="],

    "@girs/gdk-4.0": ["@girs/gdk-4.0@4.1.0", "", { "dependencies": { "@girs/cairo-1.0": "^4.1.0", "@girs/freetype2-2.0": "^4.1.0", "@girs/gdkpixbuf-2.0": "^4.1.0", "@girs/gio-2.0": "^4.1.0", "@girs/gjs": "^4.1.0", "@girs/glib-2.0": "^4.1.0", "@girs/gmodule-2.0": "^4.1.0", "@girs/gobject-2.0": "^4.1.0", "@girs/harfbuzz-0.0": "^4.1.0", "@girs/pango-1.0": "^4.1.0", "@girs/pangocairo-1.0": "^4.1.0" } }, "sha512-Wf7ZaDS2e+DUJwEBVn/DQux42b2KQYNhWeaheK7nx5Ia6Y/w3Xpm/yqqYJh+KnZ+y8IgypjpscjL4qBkr944rw=="],

    "@girs/gdkpixbuf-2.0": ["@girs/gdkpixbuf-2.0@4.1.0", "", { "dependencies": { "@girs/gio-2.0": "^4.1.0", "@girs/gjs": "^4.1.0", "@girs/glib-2.0": "^4.1.0", "@girs/gmodule-2.0": "^4.1.0", "@girs/gobject-2.0": "^4.1.0" } }, "sha512-i89aPIgZPSD1/UNH5PlsT7660HtqfPu8eU5TeSedUV7H5kCWXRO11SqbRpGJoa3ScMu8UU0LOkgFB1f1x0QefA=="],

    "@girs/gdm-1.0": ["@girs/gdm-1.0@4.1.0", "", { "dependencies": { "@girs/gio-2.0": "^4.1.0", "@girs/gjs": "^4.1.0", "@girs/glib-2.0": "^4.1.0", "@girs/gmodule-2.0": "^4.1.0", "@girs/gobject-2.0": "^4.1.0" } }, "sha512-JwIbQx1ABn0FSahUCXFyTrPkF7W38z6wyx2ydW+5ge5j2YKJTmadFd+/vK4BKyJgwkH9IjseLeWXzUrhQurBKQ=="],

    "@girs/gio-2.0": ["@girs/gio-2.0@4.1.0", "", { "dependencies": { "@girs/gjs": "^4.1.0", "@girs/glib-2.0": "^4.1.0", "@girs/gmodule-2.0": "^4.1.0", "@girs/gobject-2.0": "^4.1.0" } }, "sha512-irRUpGEOHknlk4TNoOlAaBCg/jCGZKZv8Ulr23mmqf+MTI6ygDcbJY6bdHAf5dZfbgkOXjhXRl753j8F850W9Q=="],

    "@girs/giounix-2.0": ["@girs/giounix-2.0@4.1.0", "", { "dependencies": { "@girs/gio-2.0": "^4.1.0", "@girs/gjs": "^4.1.0", "@girs/glib-2.0": "^4.1.0", "@girs/gmodule-2.0": "^4.1.0", "@girs/gobject-2.0": "^4.1.0" } }, "sha512-e3JbHrw+MDbY4NzgMAIh7OUkA7bRfe8AuivklDPNF4b42q+ROyY2A1FZ+wYWGDYuRcjj8vokgDYIJ9hFy1wbAQ=="],

    "@girs/gjs": ["@girs/gjs@4.1.0", "", { "dependencies": { "@girs/cairo-1.0": "^4.1.0", "@girs/gio-2.0": "^4.1.0", "@girs/glib-2.0": "^4.1.0", "@girs/gobject-2.0": "^4.1.0" } }, "sha512-fF6beHhI/DW/4WF2JVDRVpjnWuae93euyr4NXOOTNXwaatDxbMB21jte+b0+Qc7eUEqjIUhV10Hq6ztl4hKWQg=="],

    "@girs/gl-1.0": ["@girs/gl-1.0@4.1.0", "", { "dependencies": { "@girs/gjs": "^4.1.0", "@girs/gobject-2.0": "^4.1.0" } }, "sha512-DO2ibBPLGJe9IRWjQQ1zR7bVjk6yBWsvnN1W1fCweNItavJ2+fwTkyo8uHUnYtn5X2FIlx+drkO8VggFnbwdVA=="],

    "@girs/glib-2.0": ["@girs/glib-2.0@4.1.0", "", { "dependencies": { "@girs/gjs": "^4.1.0", "@girs/gobject-2.0": "^4.1.0" } }, "sha512-1OeIRobL8UEPP5HXD+lwEgM3643aof+mJ6GJD6TMtzuI9ZbuVyS9MJjQopHW+YrRSLAZwfSQXm2WipA3p3EZmg=="],

    "@girs/gmodule-2.0": ["@girs/gmodule-2.0@4.1.0", "", { "dependencies": { "@girs/gjs": "^4.1.0", "@girs/glib-2.0": "^4.1.0", "@girs/gobject-2.0": "^4.1.0" } }, "sha512-yOFTdnvD61ohMDk12T2Rhcve6vP4/vZpwb/0iQYLu4ZOTD6cazMEdpM+ncZSj8beffbRqTfd7H81HNAriVVm5Q=="],

    "@girs/gnome-shell": ["@girs/gnome-shell@50.0.4", "", { "dependencies": { "@girs/accountsservice-1.0": "^4.1.0", "@girs/adw-1": "^4.1.0", "@girs/atk-1.0": "^4.1.0", "@girs/clutter-18": "^4.1.0", "@girs/cogl-18": "^4.1.0", "@girs/gcr-4": "^4.1.0", "@girs/gdm-1.0": "^4.1.0", "@girs/gio-2.0": "^4.1.0", "@girs/giounix-2.0": "^4.1.0", "@girs/gjs": "^4.1.0", "@girs/glib-2.0": "^4.1.0", "@girs/gnomebg-4.0": "^4.1.0", "@girs/gnomebluetooth-3.0": "^4.1.0", "@girs/gnomedesktop-4.0": "^4.1.0", "@girs/gobject-2.0": "^4.1.0", "@girs/gtk-4.0": "^4.1.0", "@girs/gvc-1.0": "^4.1.0", "@girs/meta-18": "^4.1.0", "@girs/mtk-18": "^4.1.0", "@girs/polkit-1.0": "^4.1.0", "@girs/shell-18": "^4.1.0", "@girs/shew-0": "^4.1.0", "@girs/st-18": "^4.1.0", "@girs/upowerglib-1.0": "^4.1.0" } }, "sha512-69phtdJHMPUBxVRDqfE4JWSZeauTIl0zFuILMIkJbqyHOb1U9sxN7yN59x+pJWGxVTktFz/Y9uXKjDzOcHlYFA=="],

    "@girs/gnomebg-4.0": ["@girs/gnomebg-4.0@4.1.0", "", { "dependencies": { "@girs/cairo-1.0": "^4.1.0", "@girs/freetype2-2.0": "^4.1.0", "@girs/gdesktopenums-3.0": "^4.1.0", "@girs/gdk-4.0": "^4.1.0", "@girs/gdkpixbuf-2.0": "^4.1.0", "@girs/gio-2.0": "^4.1.0", "@girs/gjs": "^4.1.0", "@girs/glib-2.0": "^4.1.0", "@girs/gmodule-2.0": "^4.1.0", "@girs/gnomedesktop-4.0": "^4.1.0", "@girs/gobject-2.0": "^4.1.0", "@girs/harfbuzz-0.0": "^4.1.0", "@girs/pango-1.0": "^4.1.0", "@girs/pangocairo-1.0": "^4.1.0" } }, "sha512-9uha/ow4xAEqTiUkd0ew3vRlYTz3YHSG3HMQiGcVYdE/pWHFHjXQ5pToOIyQoDLL+HhoFy7XCUCCBxkgTuSk7w=="],

    "@girs/gnomebluetooth-3.0": ["@girs/gnomebluetooth-3.0@4.1.0", "", { "dependencies": { "@girs/gio-2.0": "^4.1.0", "@girs/gjs": "^4.1.0", "@girs/glib-2.0": "^4.1.0", "@girs/gmodule-2.0": "^4.1.0", "@girs/gobject-2.0": "^4.1.0" } }, "sha512-V0Lo4JE0jotRbXZume/ZpoxUDyX8u1Iw8TD7i26iaMcsTQkNaEJdoNZfhL2WVW1rTU4pwkHD8IGJ2jZLTGInhA=="],

    "@girs/gnomedesktop-4.0": ["@girs/gnomedesktop-4.0@4.1.0", "", { "dependencies": { "@girs/gdesktopenums-3.0": "^4.1.0", "@girs/gdkpixbuf-2.0": "^4.1.0", "@girs/gio-2.0": "^4.1.0", "@girs/gjs": "^4.1.0", "@girs/glib-2.0": "^4.1.0", "@girs/gmodule-2.0": "^4.1.0", "@girs/gobject-2.0": "^4.1.0" } }, "sha512-Rh1kcycDgjI29sjuP+72SODLEqYKxVAZ+FV5DUBmDOVjfNLTlIPPM/1bsTvsqrZxpvZ3ISBPZlsMg7pxLrPWxw=="],

    "@girs/gobject-2.0": ["@girs/gobject-2.0@4.1.0", "", { "dependencies": { "@girs/gjs": "^4.1.0", "@girs/glib-2.0": "^4.1.0" } }, "sha512-5hPKlUOe8WdFQ6/uMS/0FEKC60ZNNJryIv9Qd4QB1jJkTHiah9TSQH4QVZNF14lQDxxYjAIgY8mcchGL2+bteA=="],

    "@girs/graphene-1.0": ["@girs/graphene-1.0@4.1.0", "", { "dependencies": { "@girs/gjs": "^4.1.0", "@girs/glib-2.0": "^4.1.0", "@girs/gobject-2.0": "^4.1.0" } }, "sha512-fCwGsfj7wryyakZ9RzLT9+LS59nk9IDVd0OEsK15njhGqTEQ0/96MiFHvyVhCnjcU1ifgz/PdY5uGqKnLXth1g=="],

    "@girs/gsk-4.0": ["@girs/gsk-4.0@4.1.0", "", { "dependencies": { "@girs/cairo-1.0": "^4.1.0", "@girs/freetype2-2.0": "^4.1.0", "@girs/gdk-4.0": "^4.1.0", "@girs/gdkpixbuf-2.0": "^4.1.0", "@girs/gio-2.0": "^4.1.0", "@girs/gjs": "^4.1.0", "@girs/glib-2.0": "^4.1.0", "@girs/gmodule-2.0": "^4.1.0", "@girs/gobject-2.0": "^4.1.0", "@girs/graphene-1.0": "^4.1.0", "@girs/harfbuzz-0.0": "^4.1.0", "@girs/pango-1.0": "^4.1.0", "@girs/pangocairo-1.0": "^4.1.0" } }, "sha512-wwgerEraNWX/sXiOnh3q2HrCC+kkdh2W8dXbP40eSEMmanIcXe7sC4nyDHSor1mp3y3XPvpS0BdiNfl4fxWx6A=="],

    "@girs/gtk-4.0": ["@girs/gtk-4.0@4.1.0", "", { "dependencies": { "@girs/cairo-1.0": "^4.1.0", "@girs/freetype2-2.0": "^4.1.0", "@girs/gdk-4.0": "^4.1.0", "@girs/gdkpixbuf-2.0": "^4.1.0", "@girs/gio-2.0": "^4.1.0", "@girs/gjs": "^4.1.0", "@girs/glib-2.0": "^4.1.0", "@girs/gmodule-2.0": "^4.1.0", "@girs/gobject-2.0": "^4.1.0", "@girs/graphene-1.0": "^4.1.0", "@girs/gsk-4.0": "^4.1.0", "@girs/harfbuzz-0.0": "^4.1.0", "@girs/pango-1.0": "^4.1.0", "@girs/pangocairo-1.0": "^4.1.0" } }, "sha512-4stUvqZtBE3Fv6qhPF6yVVNhVgm9M5HD3WqTXEVxN3GmR8GtBTBSORHYPYSURQzfTASaHlctMmfg5II2A/KFVQ=="],

    "@girs/gvc-1.0": ["@girs/gvc-1.0@4.1.0", "", { "dependencies": { "@girs/gio-2.0": "^4.1.0", "@girs/gjs": "^4.1.0", "@girs/glib-2.0": "^4.1.0", "@girs/gmodule-2.0": "^4.1.0", "@girs/gobject-2.0": "^4.1.0" } }, "sha512-L+y6qJUxw5IhrO45UipRrWoUInW1t0zhcHWfpw2ageZVTlEqaSsdk82dNPAElmNqRvcKUZUrgZLwJEWx+A2fUg=="],

    "@girs/harfbuzz-0.0": ["@girs/harfbuzz-0.0@4.1.0", "", { "dependencies": { "@girs/freetype2-2.0": "^4.1.0", "@girs/gjs": "^4.1.0", "@girs/glib-2.0": "^4.1.0", "@girs/gobject-2.0": "^4.1.0" } }, "sha512-370ny6RjcbGFRk6/50AFpCPteWgEN1y+2MyLXwSXGV0duJNlHBHOTtnuPTHkv+gGxp+s3/YTaQWa5UGzkVYN8g=="],

    "@girs/meta-18": ["@girs/meta-18@4.1.0", "", { "dependencies": { "@girs/atk-1.0": "^4.1.0", "@girs/cairo-1.0": "^4.1.0", "@girs/clutter-18": "^4.1.0", "@girs/cogl-18": "^4.1.0", "@girs/freetype2-2.0": "^4.1.0", "@girs/gdesktopenums-3.0": "^4.1.0", "@girs/gio-2.0": "^4.1.0", "@girs/gjs": "^4.1.0", "@girs/gl-1.0": "^4.1.0", "@girs/glib-2.0": "^4.1.0", "@girs/gmodule-2.0": "^4.1.0", "@girs/gobject-2.0": "^4.1.0", "@girs/graphene-1.0": "^4.1.0", "@girs/harfbuzz-0.0": "^4.1.0", "@girs/mtk-18": "^4.1.0", "@girs/pango-1.0": "^4.1.0", "@girs/xfixes-4.0": "^4.1.0", "@girs/xlib-2.0": "^4.1.0" } }, "sha512-KjEMVcOK6ny0nxxsdWI5RrxOSuhj7zh6mrH2EttaXbloqaLmbOCc2bhh61P7zjkhpanattuiEB8x+u3JQjj0tQ=="],

    "@girs/mtk-18": ["@girs/mtk-18@4.1.0", "", { "dependencies": { "@girs/gjs": "^4.1.0", "@girs/glib-2.0": "^4.1.0", "@girs/gobject-2.0": "^4.1.0", "@girs/graphene-1.0": "^4.1.0" } }, "sha512-6Jc6i+g/CRbjskXUw8pwLxfLb4/YVsXrWZy6W4QWgbZzJAxIEZqCBCEhMKSJEcpuyfY382wOpEAGAZCYgHGxrw=="],

    "@girs/nm-1.0": ["@girs/nm-1.0@4.1.0", "", { "dependencies": { "@girs/gio-2.0": "^4.1.0", "@girs/gjs": "^4.1.0", "@girs/glib-2.0": "^4.1.0", "@girs/gmodule-2.0": "^4.1.0", "@girs/gobject-2.0": "^4.1.0" } }, "sha512-ggBoqJ1bBeqWUMkoZTMGgTVVB5FWZk3Wm+bVUzMvrcOEhriS4XiToxvtOZ4SyObvNMaUvYku/pIAADxpVTWacg=="],

    "@girs/pango-1.0": ["@girs/pango-1.0@4.1.0", "", { "dependencies": { "@girs/cairo-1.0": "^4.1.0", "@girs/freetype2-2.0": "^4.1.0", "@girs/gio-2.0": "^4.1.0", "@girs/gjs": "^4.1.0", "@girs/glib-2.0": "^4.1.0", "@girs/gmodule-2.0": "^4.1.0", "@girs/gobject-2.0": "^4.1.0", "@girs/harfbuzz-0.0": "^4.1.0" } }, "sha512-hHDkTA1fyEDsfn4z2q8xDszXS3PgAqcKEjpFL4Xy0w70+JGW+704uxdi5qLRsi/wfjo6bc5K1v2pNsg3yYLiCg=="],

    "@girs/pangocairo-1.0": ["@girs/pangocairo-1.0@4.1.0", "", { "dependencies": { "@girs/cairo-1.0": "^4.1.0", "@girs/freetype2-2.0": "^4.1.0", "@girs/gio-2.0": "^4.1.0", "@girs/gjs": "^4.1.0", "@girs/glib-2.0": "^4.1.0", "@girs/gmodule-2.0": "^4.1.0", "@girs/gobject-2.0": "^4.1.0", "@girs/harfbuzz-0.0": "^4.1.0", "@girs/pango-1.0": "^4.1.0" } }, "sha512-F1C18l6cQN8xCz4M+1zarllpMRkpPjlZcYiWVA9lTPDZnyfr47JAZGTBQUo/iayKfABMO1BHxeBJqOP2e87S3g=="],

    "@girs/polkit-1.0": ["@girs/polkit-1.0@4.1.0", "", { "dependencies": { "@girs/gio-2.0": "^4.1.0", "@girs/gjs": "^4.1.0", "@girs/glib-2.0": "^4.1.0", "@girs/gmodule-2.0": "^4.1.0", "@girs/gobject-2.0": "^4.1.0" } }, "sha512-lYyv3udRMc9umEBDCB9YlbVKdaIn/CGxGe7EOxI7HzX0/aMbWMHI6XfhDHYwyrcmnIDD0BviVZxPOaYDXTTimA=="],

    "@girs/polkitagent-1.0": ["@girs/polkitagent-1.0@4.1.0", "", { "dependencies": { "@girs/gio-2.0": "^4.1.0", "@girs/gjs": "^4.1.0", "@girs/glib-2.0": "^4.1.0", "@girs/gmodule-2.0": "^4.1.0", "@girs/gobject-2.0": "^4.1.0", "@girs/polkit-1.0": "^4.1.0" } }, "sha512-RYY7dceP+HQkOAaCM3uucmLsnnp4lNRxVH4PTxQE/yDt46mG2YjWE+pb7ksoZph4LWcMgaOhUKpLEJdNtULLRQ=="],

    "@girs/shell-18": ["@girs/shell-18@4.1.0", "", { "dependencies": { "@girs/atk-1.0": "^4.1.0", "@girs/cairo-1.0": "^4.1.0", "@girs/clutter-18": "^4.1.0", "@girs/cogl-18": "^4.1.0", "@girs/freetype2-2.0": "^4.1.0", "@girs/gck-2": "^4.1.0", "@girs/gcr-4": "^4.1.0", "@girs/gdesktopenums-3.0": "^4.1.0", "@girs/gdkpixbuf-2.0": "^4.1.0", "@girs/gio-2.0": "^4.1.0", "@girs/giounix-2.0": "^4.1.0", "@girs/gjs": "^4.1.0", "@girs/gl-1.0": "^4.1.0", "@girs/glib-2.0": "^4.1.0", "@girs/gmodule-2.0": "^4.1.0", "@girs/gobject-2.0": "^4.1.0", "@girs/graphene-1.0": "^4.1.0", "@girs/gvc-1.0": "^4.1.0", "@girs/harfbuzz-0.0": "^4.1.0", "@girs/meta-18": "^4.1.0", "@girs/mtk-18": "^4.1.0", "@girs/nm-1.0": "^4.1.0", "@girs/pango-1.0": "^4.1.0", "@girs/polkit-1.0": "^4.1.0", "@girs/polkitagent-1.0": "^4.1.0", "@girs/st-18": "^4.1.0", "@girs/xfixes-4.0": "^4.1.0", "@girs/xlib-2.0": "^4.1.0" } }, "sha512-AGFHEDHTeYryprLkhYZdQTQVrbIgpA0qJTvXDnN+aeIL5wE34OBI9/GjxnQM34i6r/3t1uiDkgYeElOQ54vH1A=="],

    "@girs/shew-0": ["@girs/shew-0@4.1.0", "", { "dependencies": { "@girs/cairo-1.0": "^4.1.0", "@girs/freetype2-2.0": "^4.1.0", "@girs/gdk-4.0": "^4.1.0", "@girs/gdkpixbuf-2.0": "^4.1.0", "@girs/gio-2.0": "^4.1.0", "@girs/gjs": "^4.1.0", "@girs/glib-2.0": "^4.1.0", "@girs/gmodule-2.0": "^4.1.0", "@girs/gobject-2.0": "^4.1.0", "@girs/graphene-1.0": "^4.1.0", "@girs/gsk-4.0": "^4.1.0", "@girs/gtk-4.0": "^4.1.0", "@girs/harfbuzz-0.0": "^4.1.0", "@girs/pango-1.0": "^4.1.0", "@girs/pangocairo-1.0": "^4.1.0" } }, "sha512-ErZ+tzi9SQBHIqOD+Arprk7iFw8cweQmp2aXQe4yol2i6cj8VbSow2OinjgBBJzoHGyPCKCuIQLzjDEzTWKIig=="],

    "@girs/st-18": ["@girs/st-18@4.1.0", "", { "dependencies": { "@girs/atk-1.0": "^4.1.0", "@girs/cairo-1.0": "^4.1.0", "@girs/clutter-18": "^4.1.0", "@girs/cogl-18": "^4.1.0", "@girs/freetype2-2.0": "^4.1.0", "@girs/gdesktopenums-3.0": "^4.1.0", "@girs/gdkpixbuf-2.0": "^4.1.0", "@girs/gio-2.0": "^4.1.0", "@girs/gjs": "^4.1.0", "@girs/gl-1.0": "^4.1.0", "@girs/glib-2.0": "^4.1.0", "@girs/gmodule-2.0": "^4.1.0", "@girs/gobject-2.0": "^4.1.0", "@girs/graphene-1.0": "^4.1.0", "@girs/harfbuzz-0.0": "^4.1.0", "@girs/meta-18": "^4.1.0", "@girs/mtk-18": "^4.1.0", "@girs/pango-1.0": "^4.1.0", "@girs/xfixes-4.0": "^4.1.0", "@girs/xlib-2.0": "^4.1.0" } }, "sha512-Ki/B94KToCbl19nU3q1RaPcwU2X3jswBXZhSRFA+8envBdFRWvXaIxEyB9rL9dK5TlO17/MygdCc3cdBmmc4jA=="],

    "@girs/upowerglib-1.0": ["@girs/upowerglib-1.0@4.1.0", "", { "dependencies": { "@girs/gio-2.0": "^4.1.0", "@girs/gjs": "^4.1.0", "@girs/glib-2.0": "^4.1.0", "@girs/gmodule-2.0": "^4.1.0", "@girs/gobject-2.0": "^4.1.0" } }, "sha512-GLLY6HiRPD0LainaJc442l3Vf/vSu2cii5IYK36BvGjOSx712cp5d4/Xb80a/TA9/Jrbqr3tO8j8rzNjGRrmAw=="],

    "@girs/xfixes-4.0": ["@girs/xfixes-4.0@4.1.0", "", { "dependencies": { "@girs/gjs": "^4.1.0", "@girs/gobject-2.0": "^4.1.0" } }, "sha512-WiS3TneSclpsUHcgXsU5Gj3LOcxiYeT8h2FM4PbOVarOGfMMNTdxDWp3kJdRuuUboKaepLCGSZY3MN53YtT6jA=="],

    "@girs/xlib-2.0": ["@girs/xlib-2.0@4.1.0", "", { "dependencies": { "@girs/gjs": "^4.1.0", "@girs/gobject-2.0": "^4.1.0" } }, "sha512-dLV0ObD16/+909MXi41ccYZqeh5G8uvi4uSzaX4H++kgOOA0D81PBacPjxLEEGizbLw/rzf46elwy6OHyjc/8Q=="],

    "@types/bun": ["@types/bun@1.3.14", "", { "dependencies": { "bun-types": "1.3.14" } }, "sha512-h1hFqFVcvAvD9j9K7ZW7vd82aSA+rTdznZa+5bwvCwqSB1jmmfLcbIWhOLx1/+boy/xmjgCs/OMUL8hRJSmnPw=="],

    "@types/node": ["@types/node@26.1.1", "", { "dependencies": { "undici-types": "~8.3.0" } }, "sha512-nxAkRSVkN1Y0JC1W8ky/fTfkGsMmcrRsbx+3XoZE+rMOX71kLYTV7fLXpqud1GpbpP5TuffXFqfX7fH2GgZREw=="],

    "bun-types": ["bun-types@1.3.14", "", { "dependencies": { "@types/node": "*" } }, "sha512-4N0ig0fEomHt5R0KCFWjovxow98rIoRwKolrYdCcknNwMekCXRnWEUvgu5soYV8QXtVsrUD8B95MBOZGPvr6KQ=="],

    "typescript": ["typescript@5.9.3", "", { "bin": { "tsc": "bin/tsc", "tsserver": "bin/tsserver" } }, "sha512-jl1vZzPDinLr9eUt3J/t7V6FgNEw9QjvBPdysz9KfQDD41fQrC2Y4vKQdiaUpFT4bXlb1RHhLpp8wtm6M5TgSw=="],

    "undici-types": ["undici-types@8.3.0", "", {}, "sha512-j375ScV60dom+YkPFIfTLcOiPxkN/buHz5GobjLhixFuANaNs3C9l4GmrWqejgXWJ7BbJcFYpTEUkS1Ge8bpZQ=="],
  }
}
